
Microsoft Visual Studio Solution File, Format Version 12.00
# Visual Studio Version 16
VisualStudioVersion = 16.0.29418.71
MinimumVisualStudioVersion = 10.0.40219.1
Project("{FAE04EC0-301F-11D3-BF4B-00C04F79EFBC}") = "Metro", "Metro.csproj", "{442727EE-530A-4DB2-922B-28A899CF9475}"
EndProject
Project("{FAE04EC0-301F-11D3-BF4B-00C04F79EFBC}") = "DataLayer", "..\DataLayer\DataLayer.csproj", "{6F9054F6-9AD4-40EC-8348-E64920A3ABE5}"
EndProject
Global
	GlobalSection(SolutionConfigurationPlatforms) = preSolution
		Debug|Any CPU = Debug|Any CPU
		Release|Any CPU = Release|Any CPU
	EndGlobalSection
	GlobalSection(ProjectConfigurationPlatforms) = postSolution
		{442727EE-530A-4DB2-922B-28A899CF9475}.Debug|Any CPU.ActiveCfg = Debug|Any CPU
		{442727EE-530A-4DB2-922B-28A899CF9475}.Debug|Any CPU.Build.0 = Debug|Any CPU
		{442727EE-530A-4DB2-922B-28A899CF9475}.Release|Any CPU.ActiveCfg = Release|Any CPU
		{442727EE-530A-4DB2-922B-28A899CF9475}.Release|Any CPU.Build.0 = Release|Any CPU
		{6F9054F6-9AD4-40EC-8348-E64920A3ABE5}.Debug|Any CPU.ActiveCfg = Debug|Any CPU
		{6F9054F6-9AD4-40EC-8348-E64920A3ABE5}.Debug|Any CPU.Build.0 = Debug|Any CPU
		{6F9054F6-9AD4-40EC-8348-E64920A3ABE5}.Release|Any CPU.ActiveCfg = Release|Any CPU
		{6F9054F6-9AD4-40EC-8348-E64920A3ABE5}.Release|Any CPU.Build.0 = Release|Any CPU
	EndGlobalSection
	GlobalSection(SolutionProperties) = preSolution
		HideSolutionNode = FALSE
	EndGlobalSection
	GlobalSection(ExtensibilityGlobals) = postSolution
		SolutionGuid = {73D5844F-144E-4BF1-BDE9-C7AF723E35BA}
	EndGlobalSection
EndGlobal
